
Microsoft Visual Studio Solution File, Format Version 12.00
# Visual Studio Version 16
VisualStudioVersion = 16.0.30804.86
MinimumVisualStudioVersion = 10.0.40219.1
Project("{FAE04EC0-301F-11D3-BF4B-00C04F79EFBC}") = "WebApplication2", "WebApplication2\WebApplication2.csproj", "{AA5AB485-D4CD-41D9-A080-3CF98056585B}"
EndProject
Global
	GlobalSection(SolutionConfigurationPlatforms) = preSolution
		Debug|Any CPU = Debug|Any CPU
		Release|Any CPU = Release|Any CPU
	EndGlobalSection
	GlobalSection(ProjectConfigurationPlatforms) = postSolution
		{AA5AB485-D4CD-41D9-A080-3CF98056585B}.Debug|Any CPU.ActiveCfg = Debug|Any CPU
		{AA5AB485-D4CD-41D9-A080-3CF98056585B}.Debug|Any CPU.Build.0 = Debug|Any CPU
		{AA5AB485-D4CD-41D9-A080-3CF98056585B}.Release|Any CPU.ActiveCfg = Release|Any CPU
		{AA5AB485-D4CD-41D9-A080-3CF98056585B}.Release|Any CPU.Build.0 = Release|Any CPU
	EndGlobalSection
	GlobalSection(SolutionProperties) = preSolution
		HideSolutionNode = FALSE
	EndGlobalSection
	GlobalSection(ExtensibilityGlobals) = postSolution
		SolutionGuid = {853F5FB4-A119-4725-B090-98EF0F28E285}
	EndGlobalSection
EndGlobal
